{
  "requires": true,
  "lockfileVersion": 1,
  "dependencies": {
    "@jsoverson/shift-codegen": {
      "version": "7.0.0",
      "resolved": "https://registry.npmjs.org/@jsoverson/shift-codegen/-/shift-codegen-7.0.0.tgz",
      "integrity": "sha512-fBklFErIYirpd3IufjLYxoijJTjIYI9zqN3irxrNE6XvEPuU4hkPBqFsPwFWJvepSsGvqV4k5Cd8fky8Axya4w==",
      "requires": {
        "esutils": "^2.0.2",
        "object-assign": "^4.1.0",
        "shift-reducer": "6.0.0"
      }
    },
    "debug": {
      "version": "4.1.1",
      "resolved": "https://registry.npmjs.org/debug/-/debug-4.1.1.tgz",
      "integrity": "sha512-pYAIzeRo8J6KPEaJ0VWOh5Pzkbw/RetuzehGM7QRRX5he4fPHx2rdKMB256ehJCkX+XRQm16eZLqLNS8RSZXZw==",
      "requires": {
        "ms": "^2.1.1"
      }
    },
    "estraverse": {
      "version": "4.2.0",
      "resolved": "https://registry.npmjs.org/estraverse/-/estraverse-4.2.0.tgz",
      "integrity": "sha1-De4/7TH81GlhjOc0IJn8GvoL2xM="
    },
    "esutils": {
      "version": "2.0.3",
      "resolved": "https://registry.npmjs.org/esutils/-/esutils-2.0.3.tgz",
      "integrity": "sha512-kVscqXk4OCp68SZ0dkgEKVi6/8ij300KBWTJq32P/dYeWTSwK41WyTxalN1eRmA5Z9UU/LX9D7FWSmV9SAYx6g=="
    },
    "fast-deep-equal": {
      "version": "3.1.3",
      "resolved": "https://registry.npmjs.org/fast-deep-equal/-/fast-deep-equal-3.1.3.tgz",
      "integrity": "sha512-f3qQ9oQy9j2AhBe/H9VC91wLmKBCCU/gDOnKNAYG5hswO7BLKj09Hc5HYNz9cGI++xlpDCIgDaitVs03ATR84Q=="
    },
    "ms": {
      "version": "2.1.2",
      "resolved": "https://registry.npmjs.org/ms/-/ms-2.1.2.tgz",
      "integrity": "sha512-sGkPx+VjMtmA6MX27oA4FBFELFCZZ4S4XqeGOXCv68tT+jb3vk/RyaKWP0PTKyWtmLSM0b+adUTEvbs1PEaH2w=="
    },
    "multimap": {
      "version": "1.1.0",
      "resolved": "https://registry.npmjs.org/multimap/-/multimap-1.1.0.tgz",
      "integrity": "sha512-0ZIR9PasPxGXmRsEF8jsDzndzHDj7tIav+JUmvIFB/WHswliFnquxECT/De7GR4yg99ky/NlRKJT82G1y271bw=="
    },
    "object-assign": {
      "version": "4.1.1",
      "resolved": "https://registry.npmjs.org/object-assign/-/object-assign-4.1.1.tgz",
      "integrity": "sha1-IQmtx5ZYh8/AXLvUQsrIv7s2CGM="
    },
    "prettier": {
      "version": "2.1.1",
      "resolved": "https://registry.npmjs.org/prettier/-/prettier-2.1.1.tgz",
      "integrity": "sha512-9bY+5ZWCfqj3ghYBLxApy2zf6m+NJo5GzmLTpr9FsApsfjriNnS2dahWReHMi7qNPhhHl9SYHJs2cHZLgexNIw==",
      "dev": true
    },
    "seedrandom": {
      "version": "3.0.5",
      "resolved": "https://registry.npmjs.org/seedrandom/-/seedrandom-3.0.5.tgz",
      "integrity": "sha512-8OwmbklUNzwezjGInmZ+2clQmExQPvomqjL7LFqOYqtmuxRgQYqOD3mHaU+MvZn5FLUeVxVfQjwLZW/n/JFuqg=="
    },
    "shift-ast": {
      "version": "6.1.0",
      "resolved": "https://registry.npmjs.org/shift-ast/-/shift-ast-6.1.0.tgz",
      "integrity": "sha512-Vj4XUIJIFPIh6VcBGJ1hjH/kM88XGer94Pr7Rvxa+idEylDsrwtLw268HoxGo5xReL6T3DdRl/9/Pr1XihZ/8Q=="
    },
    "shift-parser": {
      "version": "7.0.3",
      "resolved": "https://registry.npmjs.org/shift-parser/-/shift-parser-7.0.3.tgz",
      "integrity": "sha512-uYX2ORyZfKZrUc4iKKkO9KOhzUSxCrSBk7QK6ZmShId+BOo1gh1IwecVy97ynyOTpmhPWUttjC8BzsnQl65Zew==",
      "requires": {
        "multimap": "^1.0.2",
        "shift-ast": "6.0.0",
        "shift-reducer": "6.0.0",
        "shift-regexp-acceptor": "2.0.3"
      },
      "dependencies": {
        "shift-ast": {
          "version": "6.0.0",
          "resolved": "https://registry.npmjs.org/shift-ast/-/shift-ast-6.0.0.tgz",
          "integrity": "sha512-XXxDcEBWVBzqWXfNYJlLyJ1/9kMvOXVRXiqPjkOrTCC5qRsBvEMJMRLLFhU3tn8ue56Y7IZyBE6bexFum5QLUw=="
        }
      }
    },
    "shift-printer": {
      "version": "1.0.1",
      "resolved": "https://registry.npmjs.org/shift-printer/-/shift-printer-1.0.1.tgz",
      "integrity": "sha512-kv59gA/8dZuz175dqbnBEJQH9ctusX3IDaA50oWcSGq5LOxLxZ4Rl6+7rMsiQywxA7K4FBJY/XJ+OEz0f5Ux0w==",
      "requires": {
        "@jsoverson/shift-codegen": "^7.0.0"
      }
    },
    "shift-query": {
      "version": "1.0.2",
      "resolved": "https://registry.npmjs.org/shift-query/-/shift-query-1.0.2.tgz",
      "integrity": "sha512-tgYZE58U/wl3wiAsDVB7UnuMZVL8TAlLoYu0lBGvs/Kj2cywJKl54BrwUerdkA1cMieiyNx1SbBG5+mOntTIBQ==",
      "requires": {
        "shift-traverser": "^1.0.0"
      }
    },
    "shift-reducer": {
      "version": "6.0.0",
      "resolved": "https://registry.npmjs.org/shift-reducer/-/shift-reducer-6.0.0.tgz",
      "integrity": "sha512-2rJraRP8drIOjvaE/sALa+0tGJmMVUzlmS3wIJerJbaYuCjpFAiF0WjkTOFVtz1144Nm/ECmqeG+7yRhuMVsMg==",
      "requires": {
        "shift-ast": "6.0.0"
      },
      "dependencies": {
        "shift-ast": {
          "version": "6.0.0",
          "resolved": "https://registry.npmjs.org/shift-ast/-/shift-ast-6.0.0.tgz",
          "integrity": "sha512-XXxDcEBWVBzqWXfNYJlLyJ1/9kMvOXVRXiqPjkOrTCC5qRsBvEMJMRLLFhU3tn8ue56Y7IZyBE6bexFum5QLUw=="
        }
      }
    },
    "shift-refactor": {
      "version": "2.0.0",
      "resolved": "https://registry.npmjs.org/shift-refactor/-/shift-refactor-2.0.0.tgz",
      "integrity": "sha512-9pO3WQ3oHb9FXVxGhVSMUajCtiwUhfqAWv1H1bkinwFdoR2l4IzVDdQYThMNg5UUEZhg52XBMB15WUxX4vzQKg==",
      "requires": {
        "@jsoverson/shift-codegen": "^7.0.0",
        "debug": "^4.1.1",
        "fast-deep-equal": "^3.1.1",
        "shift-ast": "^6.1.0",
        "shift-parser": "^7.0.0",
        "shift-printer": "^1.0.1",
        "shift-query": "^1.0.2",
        "shift-scope": "^4.0.0",
        "shift-traverser": "^1.0.0",
        "shift-validator": "^5.0.0"
      }
    },
    "shift-regexp-acceptor": {
      "version": "2.0.3",
      "resolved": "https://registry.npmjs.org/shift-regexp-acceptor/-/shift-regexp-acceptor-2.0.3.tgz",
      "integrity": "sha512-sxL7e5JNUFxm+gutFRXktX2D6KVgDAHNuDsk5XHB9Z+N5yXooZG6pdZ1GEbo3Jz6lF7ETYLBC4WAjIFm2RKTmA==",
      "requires": {
        "unicode-match-property-ecmascript": "1.0.4",
        "unicode-match-property-value-ecmascript": "1.0.2",
        "unicode-property-aliases-ecmascript": "1.0.4"
      }
    },
    "shift-scope": {
      "version": "4.0.0",
      "resolved": "https://registry.npmjs.org/shift-scope/-/shift-scope-4.0.0.tgz",
      "integrity": "sha512-b5Ub5m6eP3obI1h6MVmt3Rthh1akLKKjresLtYYqV+V4aNFL1XtdvB+yK6mTROakriKFu4ehwbs6mFMUCenyKA==",
      "requires": {
        "multimap": "1.0.2",
        "shift-reducer": "5.0.0",
        "shift-spec": "2017.0.0"
      },
      "dependencies": {
        "multimap": {
          "version": "1.0.2",
          "resolved": "https://registry.npmjs.org/multimap/-/multimap-1.0.2.tgz",
          "integrity": "sha1-aqdvwyM5BbqUi75MdNwsOgNW6zY="
        },
        "shift-ast": {
          "version": "5.0.0",
          "resolved": "https://registry.npmjs.org/shift-ast/-/shift-ast-5.0.0.tgz",
          "integrity": "sha512-kMhr/GwgrQ1U2kaa50sD5YxNDQEZHAZigVwrf/NNeezb6oiYnpPMV8v1WVRhCW8sjI7xUdzuPujSQ3gA2IuUAQ=="
        },
        "shift-reducer": {
          "version": "5.0.0",
          "resolved": "https://registry.npmjs.org/shift-reducer/-/shift-reducer-5.0.0.tgz",
          "integrity": "sha512-Jgr6kPMZuzsQ63NdeLJT6BZvtJ6IDbYFBVqiid1bZlwxeJYq81Cj2Wc4UUERjO4Q9tz5U4KpWaZhitjcBvfiYA==",
          "requires": {
            "shift-ast": "5.0.0"
          }
        },
        "shift-spec": {
          "version": "2017.0.0",
          "resolved": "https://registry.npmjs.org/shift-spec/-/shift-spec-2017.0.0.tgz",
          "integrity": "sha512-bJvpDhV0BPI3Qtr0Dztrv9nKjQmeSlRRjMOPe5ojsnzauhwu3fls+iMT6qDUXS+kXloZo71dn15j9D2qWuuQvw=="
        }
      }
    },
    "shift-spec": {
      "version": "2018.0.0",
      "resolved": "https://registry.npmjs.org/shift-spec/-/shift-spec-2018.0.0.tgz",
      "integrity": "sha512-/aiPOkj7dbe+CV2VZhIMTHQToZmgniofpRG7Yr7x2/0sO6CSVC++py1Wzf+s+rWSTDHKcLvziVAxjRRV4i4EoQ=="
    },
    "shift-traverser": {
      "version": "1.0.0",
      "resolved": "https://registry.npmjs.org/shift-traverser/-/shift-traverser-1.0.0.tgz",
      "integrity": "sha512-DMY3512wJbdC+IC+nhLH3/Stgr2BbxbNcg7qyZ6+e5qNnNs8TBQJWdMsRgHlX1JXwF4C0ONKS8VUxsPT0Tf7aw==",
      "requires": {
        "estraverse": "4.2.0",
        "shift-spec": "2018.0.0"
      }
    },
    "shift-validator": {
      "version": "5.0.1",
      "resolved": "https://registry.npmjs.org/shift-validator/-/shift-validator-5.0.1.tgz",
      "integrity": "sha512-q0uUu2IWgEnItpuTbL1HGJkfBWKTGhDMTOqe1ANlc6qfV6jo1E3LB2P1rAVWQnOl+9iZSfdqYzNIACZ0j07l4Q==",
      "requires": {
        "esutils": "2.0.2",
        "shift-parser": "7.0.3",
        "shift-reducer": "6.0.0",
        "shift-regexp-acceptor": "2.0.3"
      },
      "dependencies": {
        "esutils": {
          "version": "2.0.2",
          "resolved": "https://registry.npmjs.org/esutils/-/esutils-2.0.2.tgz",
          "integrity": "sha1-Cr9PHKpbyx96nYrMbepPqqBLrJs="
        }
      }
    },
    "unicode-canonical-property-names-ecmascript": {
      "version": "1.0.4",
      "resolved": "https://registry.npmjs.org/unicode-canonical-property-names-ecmascript/-/unicode-canonical-property-names-ecmascript-1.0.4.tgz",
      "integrity": "sha512-jDrNnXWHd4oHiTZnx/ZG7gtUTVp+gCcTTKr8L0HjlwphROEW3+Him+IpvC+xcJEFegapiMZyZe02CyuOnRmbnQ=="
    },
    "unicode-match-property-ecmascript": {
      "version": "1.0.4",
      "resolved": "https://registry.npmjs.org/unicode-match-property-ecmascript/-/unicode-match-property-ecmascript-1.0.4.tgz",
      "integrity": "sha512-L4Qoh15vTfntsn4P1zqnHulG0LdXgjSO035fEpdtp6YxXhMT51Q6vgM5lYdG/5X3MjS+k/Y9Xw4SFCY9IkR0rg==",
      "requires": {
        "unicode-canonical-property-names-ecmascript": "^1.0.4",
        "unicode-property-aliases-ecmascript": "^1.0.4"
      }
    },
    "unicode-match-property-value-ecmascript": {
      "version": "1.0.2",
      "resolved": "https://registry.npmjs.org/unicode-match-property-value-ecmascript/-/unicode-match-property-value-ecmascript-1.0.2.tgz",
      "integrity": "sha512-Rx7yODZC1L/T8XKo/2kNzVAQaRE88AaMvI1EF/Xnj3GW2wzN6fop9DDWuFAKUVFH7vozkz26DzP0qyWLKLIVPQ=="
    },
    "unicode-property-aliases-ecmascript": {
      "version": "1.0.4",
      "resolved": "https://registry.npmjs.org/unicode-property-aliases-ecmascript/-/unicode-property-aliases-ecmascript-1.0.4.tgz",
      "integrity": "sha512-2WSLa6OdYd2ng8oqiGIWnJqyFArvhn+5vgx5GTxMbUYjCYKUcuKS62YLFF0R/BDGlB1yzXjQOLtPAfHsgirEpg=="
    }
  }
}
